<?xml version="1.0" encoding="utf-8"?>
<Project ToolsVersion="4.0" xmlns="http://schemas.microsoft.com/developer/msbuild/2003">
  <ItemGroup>
    <Filter Include="源文件">
      <UniqueIdentifier>{4FC737F1-C7A5-4376-A066-2A32D752A2FF}</UniqueIdentifier>
      <Extensions>cpp;c;cc;cxx;def;odl;idl;hpj;bat;asm;asmx</Extensions>
    </Filter>
    <Filter Include="头文件">
      <UniqueIdentifier>{93995380-89BD-4b04-88EB-625FBE52EBFB}</UniqueIdentifier>
      <Extensions>h;hpp;hxx;hm;inl;inc;xsd</Extensions>
    </Filter>
    <Filter Include="资源文件">
      <UniqueIdentifier>{67DA6AB6-F800-4c08-8B7A-83BB121AAD01}</UniqueIdentifier>
      <Extensions>rc;ico;cur;bmp;dlg;rc2;rct;bin;rgs;gif;jpg;jpeg;jpe;resx;tiff;tif;png;wav;mfcribbon-ms</Extensions>
    </Filter>
    <Filter Include="头文件\Core">
      <UniqueIdentifier>{ba1919ca-a31c-4fb0-9ccc-512f865f12fb}</UniqueIdentifier>
    </Filter>
    <Filter Include="源文件\Core">
      <UniqueIdentifier>{130a9ec0-0b74-4f63-91d0-29609a43dfde}</UniqueIdentifier>
    </Filter>
    <Filter Include="头文件\DebugTools">
      <UniqueIdentifier>{3a00eace-c5c3-45fd-90aa-bb222a4b19af}</UniqueIdentifier>
    </Filter>
    <Filter Include="源文件\DebugTools">
      <UniqueIdentifier>{26e86858-c2ee-448d-ba9a-08821c824b93}</UniqueIdentifier>
    </Filter>
    <Filter Include="头文件\Interface">
      <UniqueIdentifier>{501a675e-478d-4440-86e1-ff7aca6e40b2}</UniqueIdentifier>
    </Filter>
    <Filter Include="源文件\Interface">
      <UniqueIdentifier>{0df364f7-d1f8-4b3a-8838-bbb75476f7ed}</UniqueIdentifier>
    </Filter>
  </ItemGroup>
  <ItemGroup>
    <ClCompile Include="..\..\..\..\Core\src\ASiftParameter.c">
      <Filter>源文件\Core</Filter>
    </ClCompile>
    <ClCompile Include="..\..\..\..\Core\src\CBuffer.c">
      <Filter>源文件\Core</Filter>
    </ClCompile>
    <ClCompile Include="..\..\..\..\Core\src\keyPoint.c">
      <Filter>源文件\Core</Filter>
    </ClCompile>
    <ClCompile Include="..\..\..\..\DebugTools\src\AlvaTimer.c">
      <Filter>源文件\DebugTools</Filter>
    </ClCompile>
    <ClCompile Include="..\..\..\..\DebugTools\src\Dump.c">
      <Filter>源文件\DebugTools</Filter>
    </ClCompile>
    <ClCompile Include="..\..\..\..\DebugTools\src\LoadBMP.c">
      <Filter>源文件\DebugTools</Filter>
    </ClCompile>
    <ClCompile Include="..\..\..\..\Interface\Src\ReadDir.cpp">
      <Filter>源文件\Interface</Filter>
    </ClCompile>
    <ClCompile Include="..\..\..\..\Interface\Src\CutImage.cpp">
      <Filter>源文件\Interface</Filter>
    </ClCompile>
    <ClCompile Include="..\..\..\..\Interface\Src\IS.cpp">
      <Filter>源文件\Interface</Filter>
    </ClCompile>
    <ClCompile Include="..\..\..\..\Interface\Src\ComputeHMatrix.cpp">
      <Filter>源文件\Interface</Filter>
    </ClCompile>
    <ClCompile Include="..\..\..\..\Interface\Src\Flow.cpp">
      <Filter>源文件\Interface</Filter>
    </ClCompile>
    <ClCompile Include="..\..\..\..\Interface\Src\ImageIS.cpp">
      <Filter>源文件\Interface</Filter>
    </ClCompile>
    <ClCompile Include="..\..\..\..\Core\src\Surf.c">
      <Filter>源文件\Core</Filter>
    </ClCompile>
    <ClCompile Include="..\..\..\..\Core\src\featMatching.c">
      <Filter>源文件\Core</Filter>
    </ClCompile>
    <ClCompile Include="..\..\..\..\Interface\Src\ImagePathInfo.cpp">
      <Filter>源文件\Interface</Filter>
    </ClCompile>
    <ClCompile Include="..\..\..\..\Interface\Src\Algorithm.cpp">
      <Filter>源文件\Interface</Filter>
    </ClCompile>
    <ClCompile Include="..\..\..\..\Core\src\martix.cpp">
      <Filter>源文件\Core</Filter>
    </ClCompile>
    <ClCompile Include="demo_ASIFT.cpp">
      <Filter>源文件\Interface</Filter>
    </ClCompile>
  </ItemGroup>
  <ItemGroup>
    <ClInclude Include="..\..\..\..\Core\include\ASiftParameter.h">
      <Filter>头文件\Core</Filter>
    </ClInclude>
    <ClInclude Include="..\..\..\..\Core\include\CBuffer.h">
      <Filter>头文件\Core</Filter>
    </ClInclude>
    <ClInclude Include="..\..\..\..\Core\include\keyPoint.h">
      <Filter>头文件\Core</Filter>
    </ClInclude>
    <ClInclude Include="..\..\..\..\DebugTools\include\AlvaTimer.h">
      <Filter>头文件\DebugTools</Filter>
    </ClInclude>
    <ClInclude Include="..\..\..\..\DebugTools\include\BMP.h">
      <Filter>头文件\DebugTools</Filter>
    </ClInclude>
    <ClInclude Include="..\..\..\..\DebugTools\include\Dump.h">
      <Filter>头文件\DebugTools</Filter>
    </ClInclude>
    <ClInclude Include="..\..\..\..\Interface\Include\ComputeHMatrix.h">
      <Filter>头文件\Interface</Filter>
    </ClInclude>
    <ClInclude Include="..\..\..\..\Interface\Include\Flow.h">
      <Filter>头文件\Interface</Filter>
    </ClInclude>
    <ClInclude Include="..\..\..\..\Interface\Include\ReadDir.h">
      <Filter>头文件\Interface</Filter>
    </ClInclude>
    <ClInclude Include="..\..\..\..\Interface\Include\CutImage.h">
      <Filter>头文件\Interface</Filter>
    </ClInclude>
    <ClInclude Include="..\..\..\..\Interface\Include\IS.h">
      <Filter>头文件\Interface</Filter>
    </ClInclude>
    <ClInclude Include="..\..\..\..\Interface\Include\ISStruct.h">
      <Filter>头文件\Interface</Filter>
    </ClInclude>
    <ClInclude Include="..\..\..\..\Interface\Include\ImageIS.h">
      <Filter>头文件\Interface</Filter>
    </ClInclude>
    <ClInclude Include="..\..\..\..\Core\include\Surf.h">
      <Filter>头文件\Core</Filter>
    </ClInclude>
    <ClInclude Include="..\..\..\..\Core\include\featMatching.h">
      <Filter>头文件\Core</Filter>
    </ClInclude>
    <ClInclude Include="..\..\..\..\Interface\Include\ImagePathInfo.h">
      <Filter>头文件\Interface</Filter>
    </ClInclude>
    <ClInclude Include="..\..\..\..\Interface\Include\Algorithm.h">
      <Filter>头文件\Interface</Filter>
    </ClInclude>
    <ClInclude Include="..\..\..\..\DebugTools\include\ISLog.h">
      <Filter>头文件\DebugTools</Filter>
    </ClInclude>
    <ClInclude Include="..\..\..\..\Core\include\matrix.h">
      <Filter>头文件\Core</Filter>
    </ClInclude>
    <ClInclude Include="resource.h">
      <Filter>头文件</Filter>
    </ClInclude>
  </ItemGroup>
  <ItemGroup>
    <ResourceCompile Include="ImageStitch.rc">
      <Filter>资源文件</Filter>
    </ResourceCompile>
  </ItemGroup>
</Project>